
Microsoft Visual Studio Solution File, Format Version 12.00
# Visual Studio Version 17
VisualStudioVersion = 17.1.32210.238
MinimumVisualStudioVersion = 10.0.40219.1
Project("{9A19103F-16F7-4668-BE54-9A1E7A4F7556}") = "PL", "PL\PL.csproj", "{E5600FC6-F14A-4187-990D-F2E5454C05AA}"
EndProject
Project("{9A19103F-16F7-4668-BE54-9A1E7A4F7556}") = "ML", "ML\ML.csproj", "{4866E38E-BD84-4B56-81D6-EF888AA35D57}"
EndProject
Project("{9A19103F-16F7-4668-BE54-9A1E7A4F7556}") = "BL", "BL\BL.csproj", "{05DF45A8-AF6C-4548-A391-E29388C56363}"
EndProject
Project("{9A19103F-16F7-4668-BE54-9A1E7A4F7556}") = "DL", "DL\DL.csproj", "{050CE5C8-9D34-4ADE-98E3-35E6EE20BA43}"
EndProject
Project("{9A19103F-16F7-4668-BE54-9A1E7A4F7556}") = "PL_C", "PL_C\PL_C.csproj", "{800F1D21-06C0-47F3-AE38-D210E84609C3}"
EndProject
Project("{FAE04EC0-301F-11D3-BF4B-00C04F79EFBC}") = "SL", "SL\SL.csproj", "{BD1EF7E1-9D61-49C5-9E32-0E9A739D550F}"
EndProject
Global
	GlobalSection(SolutionConfigurationPlatforms) = preSolution
		Debug|Any CPU = Debug|Any CPU
		Release|Any CPU = Release|Any CPU
	EndGlobalSection
	GlobalSection(ProjectConfigurationPlatforms) = postSolution
		{E5600FC6-F14A-4187-990D-F2E5454C05AA}.Debug|Any CPU.ActiveCfg = Debug|Any CPU
		{E5600FC6-F14A-4187-990D-F2E5454C05AA}.Debug|Any CPU.Build.0 = Debug|Any CPU
		{E5600FC6-F14A-4187-990D-F2E5454C05AA}.Release|Any CPU.ActiveCfg = Release|Any CPU
		{E5600FC6-F14A-4187-990D-F2E5454C05AA}.Release|Any CPU.Build.0 = Release|Any CPU
		{4866E38E-BD84-4B56-81D6-EF888AA35D57}.Debug|Any CPU.ActiveCfg = Debug|Any CPU
		{4866E38E-BD84-4B56-81D6-EF888AA35D57}.Debug|Any CPU.Build.0 = Debug|Any CPU
		{4866E38E-BD84-4B56-81D6-EF888AA35D57}.Release|Any CPU.ActiveCfg = Release|Any CPU
		{4866E38E-BD84-4B56-81D6-EF888AA35D57}.Release|Any CPU.Build.0 = Release|Any CPU
		{05DF45A8-AF6C-4548-A391-E29388C56363}.Debug|Any CPU.ActiveCfg = Debug|Any CPU
		{05DF45A8-AF6C-4548-A391-E29388C56363}.Debug|Any CPU.Build.0 = Debug|Any CPU
		{05DF45A8-AF6C-4548-A391-E29388C56363}.Release|Any CPU.ActiveCfg = Release|Any CPU
		{05DF45A8-AF6C-4548-A391-E29388C56363}.Release|Any CPU.Build.0 = Release|Any CPU
		{050CE5C8-9D34-4ADE-98E3-35E6EE20BA43}.Debug|Any CPU.ActiveCfg = Debug|Any CPU
		{050CE5C8-9D34-4ADE-98E3-35E6EE20BA43}.Debug|Any CPU.Build.0 = Debug|Any CPU
		{050CE5C8-9D34-4ADE-98E3-35E6EE20BA43}.Release|Any CPU.ActiveCfg = Release|Any CPU
		{050CE5C8-9D34-4ADE-98E3-35E6EE20BA43}.Release|Any CPU.Build.0 = Release|Any CPU
		{800F1D21-06C0-47F3-AE38-D210E84609C3}.Debug|Any CPU.ActiveCfg = Debug|Any CPU
		{800F1D21-06C0-47F3-AE38-D210E84609C3}.Debug|Any CPU.Build.0 = Debug|Any CPU
		{800F1D21-06C0-47F3-AE38-D210E84609C3}.Release|Any CPU.ActiveCfg = Release|Any CPU
		{800F1D21-06C0-47F3-AE38-D210E84609C3}.Release|Any CPU.Build.0 = Release|Any CPU
		{BD1EF7E1-9D61-49C5-9E32-0E9A739D550F}.Debug|Any CPU.ActiveCfg = Debug|Any CPU
		{BD1EF7E1-9D61-49C5-9E32-0E9A739D550F}.Debug|Any CPU.Build.0 = Debug|Any CPU
		{BD1EF7E1-9D61-49C5-9E32-0E9A739D550F}.Release|Any CPU.ActiveCfg = Release|Any CPU
		{BD1EF7E1-9D61-49C5-9E32-0E9A739D550F}.Release|Any CPU.Build.0 = Release|Any CPU
	EndGlobalSection
	GlobalSection(SolutionProperties) = preSolution
		HideSolutionNode = FALSE
	EndGlobalSection
	GlobalSection(ExtensibilityGlobals) = postSolution
		SolutionGuid = {2DABE751-3739-4FB5-BE43-BFFDDBC6F4D6}
	EndGlobalSection
EndGlobal
